// !$*UTF8*$!
{
	archiveVersion = 1;
	classes = {
	};
	objectVersion = 46;
	objects = {

/* Begin PBXBuildFile section */
		6D91A393AD7D0BCE2E595F42 /* libPods.a in Frameworks */ = {isa = PBXBuildFile; fileRef = 4C43ACBE880C6EFE15379883 /* libPods.a */; };
		D432C6B11B5944D30035C2E3 /* NianDetailViewController.m in Sources */ = {isa = PBXBuildFile; fileRef = D432C6B01B5944D30035C2E3 /* NianDetailViewController.m */; };
		D432C6B41B5950870035C2E3 /* UIView+ZH.m in Sources */ = {isa = PBXBuildFile; fileRef = D432C6B21B5950870035C2E3 /* UIView+ZH.m */; };
		D43F11791B54A956005B04C8 /* main.m in Sources */ = {isa = PBXBuildFile; fileRef = D43F11781B54A956005B04C8 /* main.m */; };
		D43F117C1B54A956005B04C8 /* AppDelegate.m in Sources */ = {isa = PBXBuildFile; fileRef = D43F117B1B54A956005B04C8 /* AppDelegate.m */; };
		D43F11841B54A956005B04C8 /* Images.xcassets in Resources */ = {isa = PBXBuildFile; fileRef = D43F11831B54A956005B04C8 /* Images.xcassets */; };
		D43F11871B54A956005B04C8 /* LaunchScreen.xib in Resources */ = {isa = PBXBuildFile; fileRef = D43F11851B54A956005B04C8 /* LaunchScreen.xib */; };
		D43F11931B54A956005B04C8 /* NianTests.m in Sources */ = {isa = PBXBuildFile; fileRef = D43F11921B54A956005B04C8 /* NianTests.m */; };
		D43F11AA1B54A9E1005B04C8 /* NianDBTool.m in Sources */ = {isa = PBXBuildFile; fileRef = D43F119D1B54A9E1005B04C8 /* NianDBTool.m */; };
		D43F11AB1B54A9E1005B04C8 /* NianFrameModel.m in Sources */ = {isa = PBXBuildFile; fileRef = D43F119F1B54A9E1005B04C8 /* NianFrameModel.m */; };
		D43F11AC1B54A9E1005B04C8 /* NianModel.m in Sources */ = {isa = PBXBuildFile; fileRef = D43F11A11B54A9E1005B04C8 /* NianModel.m */; };
		D43F11AD1B54A9E1005B04C8 /* NianTableViewCell.m in Sources */ = {isa = PBXBuildFile; fileRef = D43F11A31B54A9E1005B04C8 /* NianTableViewCell.m */; };
		D43F11AE1B54A9E1005B04C8 /* NianTextField.m in Sources */ = {isa = PBXBuildFile; fileRef = D43F11A51B54A9E1005B04C8 /* NianTextField.m */; };
		D43F11AF1B54A9E1005B04C8 /* NianTimeView.m in Sources */ = {isa = PBXBuildFile; fileRef = D43F11A71B54A9E1005B04C8 /* NianTimeView.m */; };
		D43F11B01B54A9E1005B04C8 /* NianViewController.m in Sources */ = {isa = PBXBuildFile; fileRef = D43F11A91B54A9E1005B04C8 /* NianViewController.m */; };
/* End PBXBuildFile section */

/* Begin PBXContainerItemProxy section */
		D43F118D1B54A956005B04C8 /* PBXContainerItemProxy */ = {
			isa = PBXContainerItemProxy;
			containerPortal = D43F116B1B54A956005B04C8 /* Project object */;
			proxyType = 1;
			remoteGlobalIDString = D43F11721B54A956005B04C8;
			remoteInfo = Nian;
		};
/* End PBXContainerItemProxy section */

/* Begin PBXFileReference section */
		4C43ACBE880C6EFE15379883 /* libPods.a */ = {isa = PBXFileReference; explicitFileType = archive.ar; includeInIndex = 0; path = libPods.a; sourceTree = BUILT_PRODUCTS_DIR; };
		B1E3E090CCD76FD44F2F5747 /* Pods.release.xcconfig */ = {isa = PBXFileReference; includeInIndex = 1; lastKnownFileType = text.xcconfig; name = Pods.release.xcconfig; path = "Pods/Target Support Files/Pods/Pods.release.xcconfig"; sourceTree = "<group>"; };
		B3C115BE486BB1FAB24BE9FC /* Pods.debug.xcconfig */ = {isa = PBXFileReference; includeInIndex = 1; lastKnownFileType = text.xcconfig; name = Pods.debug.xcconfig; path = "Pods/Target Support Files/Pods/Pods.debug.xcconfig"; sourceTree = "<group>"; };
		D432C6AF1B5944D30035C2E3 /* NianDetailViewController.h */ = {isa = PBXFileReference; fileEncoding = 4; lastKnownFileType = sourcecode.c.h; path = NianDetailViewController.h; sourceTree = "<group>"; };
		D432C6B01B5944D30035C2E3 /* NianDetailViewController.m */ = {isa = PBXFileReference; fileEncoding = 4; lastKnownFileType = sourcecode.c.objc; path = NianDetailViewController.m; sourceTree = "<group>"; };
		D432C6B21B5950870035C2E3 /* UIView+ZH.m */ = {isa = PBXFileReference; fileEncoding = 4; lastKnownFileType = sourcecode.c.objc; path = "UIView+ZH.m"; sourceTree = "<group>"; };
		D432C6B31B5950870035C2E3 /* UIView+ZH.h */ = {isa = PBXFileReference; fileEncoding = 4; lastKnownFileType = sourcecode.c.h; path = "UIView+ZH.h"; sourceTree = "<group>"; };
		D43F11731B54A956005B04C8 /* Nian.app */ = {isa = PBXFileReference; explicitFileType = wrapper.application; includeInIndex = 0; path = Nian.app; sourceTree = BUILT_PRODUCTS_DIR; };
		D43F11771B54A956005B04C8 /* Info.plist */ = {isa = PBXFileReference; lastKnownFileType = text.plist.xml; path = Info.plist; sourceTree = "<group>"; };
		D43F11781B54A956005B04C8 /* main.m */ = {isa = PBXFileReference; lastKnownFileType = sourcecode.c.objc; path = main.m; sourceTree = "<group>"; };
		D43F117A1B54A956005B04C8 /* AppDelegate.h */ = {isa = PBXFileReference; lastKnownFileType = sourcecode.c.h; path = AppDelegate.h; sourceTree = "<group>"; };
		D43F117B1B54A956005B04C8 /* AppDelegate.m */ = {isa = PBXFileReference; lastKnownFileType = sourcecode.c.objc; path = AppDelegate.m; sourceTree = "<group>"; };
		D43F11831B54A956005B04C8 /* Images.xcassets */ = {isa = PBXFileReference; lastKnownFileType = folder.assetcatalog; path = Images.xcassets; sourceTree = "<group>"; };
		D43F11861B54A956005B04C8 /* Base */ = {isa = PBXFileReference; lastKnownFileType = file.xib; name = Base; path = Base.lproj/LaunchScreen.xib; sourceTree = "<group>"; };
		D43F118C1B54A956005B04C8 /* NianTests.xctest */ = {isa = PBXFileReference; explicitFileType = wrapper.cfbundle; includeInIndex = 0; path = NianTests.xctest; sourceTree = BUILT_PRODUCTS_DIR; };
		D43F11911B54A956005B04C8 /* Info.plist */ = {isa = PBXFileReference; lastKnownFileType = text.plist.xml; path = Info.plist; sourceTree = "<group>"; };
		D43F11921B54A956005B04C8 /* NianTests.m */ = {isa = PBXFileReference; lastKnownFileType = sourcecode.c.objc; path = NianTests.m; sourceTree = "<group>"; };
		D43F119C1B54A9E1005B04C8 /* NianDBTool.h */ = {isa = PBXFileReference; fileEncoding = 4; lastKnownFileType = sourcecode.c.h; path = NianDBTool.h; sourceTree = "<group>"; };
		D43F119D1B54A9E1005B04C8 /* NianDBTool.m */ = {isa = PBXFileReference; fileEncoding = 4; lastKnownFileType = sourcecode.c.objc; path = NianDBTool.m; sourceTree = "<group>"; };
		D43F119E1B54A9E1005B04C8 /* NianFrameModel.h */ = {isa = PBXFileReference; fileEncoding = 4; lastKnownFileType = sourcecode.c.h; path = NianFrameModel.h; sourceTree = "<group>"; };
		D43F119F1B54A9E1005B04C8 /* NianFrameModel.m */ = {isa = PBXFileReference; fileEncoding = 4; lastKnownFileType = sourcecode.c.objc; path = NianFrameModel.m; sourceTree = "<group>"; };
		D43F11A01B54A9E1005B04C8 /* NianModel.h */ = {isa = PBXFileReference; fileEncoding = 4; lastKnownFileType = sourcecode.c.h; path = NianModel.h; sourceTree = "<group>"; };
		D43F11A11B54A9E1005B04C8 /* NianModel.m */ = {isa = PBXFileReference; fileEncoding = 4; lastKnownFileType = sourcecode.c.objc; path = NianModel.m; sourceTree = "<group>"; };
		D43F11A21B54A9E1005B04C8 /* NianTableViewCell.h */ = {isa = PBXFileReference; fileEncoding = 4; lastKnownFileType = sourcecode.c.h; path = NianTableViewCell.h; sourceTree = "<group>"; };
		D43F11A31B54A9E1005B04C8 /* NianTableViewCell.m */ = {isa = PBXFileReference; fileEncoding = 4; lastKnownFileType = sourcecode.c.objc; path = NianTableViewCell.m; sourceTree = "<group>"; };
		D43F11A41B54A9E1005B04C8 /* NianTextField.h */ = {isa = PBXFileReference; fileEncoding = 4; lastKnownFileType = sourcecode.c.h; path = NianTextField.h; sourceTree = "<group>"; };
		D43F11A51B54A9E1005B04C8 /* NianTextField.m */ = {isa = PBXFileReference; fileEncoding = 4; lastKnownFileType = sourcecode.c.objc; path = NianTextField.m; sourceTree = "<group>"; };
		D43F11A61B54A9E1005B04C8 /* NianTimeView.h */ = {isa = PBXFileReference; fileEncoding = 4; lastKnownFileType = sourcecode.c.h; path = NianTimeView.h; sourceTree = "<group>"; };
		D43F11A71B54A9E1005B04C8 /* NianTimeView.m */ = {isa = PBXFileReference; fileEncoding = 4; lastKnownFileType = sourcecode.c.objc; path = NianTimeView.m; sourceTree = "<group>"; };
		D43F11A81B54A9E1005B04C8 /* NianViewController.h */ = {isa = PBXFileReference; fileEncoding = 4; lastKnownFileType = sourcecode.c.h; path = NianViewController.h; sourceTree = "<group>"; };
		D43F11A91B54A9E1005B04C8 /* NianViewController.m */ = {isa = PBXFileReference; fileEncoding = 4; lastKnownFileType = sourcecode.c.objc; path = NianViewController.m; sourceTree = "<group>"; };
/* End PBXFileReference section */

/* Begin PBXFrameworksBuildPhase section */
		D43F11701B54A956005B04C8 /* Frameworks */ = {
			isa = PBXFrameworksBuildPhase;
			buildActionMask = 2147483647;
			files = (
				6D91A393AD7D0BCE2E595F42 /* libPods.a in Frameworks */,
			);
			runOnlyForDeploymentPostprocessing = 0;
		};
		D43F11891B54A956005B04C8 /* Frameworks */ = {
			isa = PBXFrameworksBuildPhase;
			buildActionMask = 2147483647;
			files = (
			);
			runOnlyForDeploymentPostprocessing = 0;
		};
/* End PBXFrameworksBuildPhase section */

/* Begin PBXGroup section */
		D43F116A1B54A956005B04C8 = {
			isa = PBXGroup;
			children = (
				D43F11751B54A956005B04C8 /* Nian */,
				D43F118F1B54A956005B04C8 /* NianTests */,
				D43F11741B54A956005B04C8 /* Products */,
				F35C88EF4E30C115857781E3 /* Pods */,
				DC3E7B9F5D8CAFED8CD11C70 /* Frameworks */,
			);
			sourceTree = "<group>";
		};
		D43F11741B54A956005B04C8 /* Products */ = {
			isa = PBXGroup;
			children = (
				D43F11731B54A956005B04C8 /* Nian.app */,
				D43F118C1B54A956005B04C8 /* NianTests.xctest */,
			);
			name = Products;
			sourceTree = "<group>";
		};
		D43F11751B54A956005B04C8 /* Nian */ = {
			isa = PBXGroup;
			children = (
				D43F119C1B54A9E1005B04C8 /* NianDBTool.h */,
				D43F119D1B54A9E1005B04C8 /* NianDBTool.m */,
				D43F119E1B54A9E1005B04C8 /* NianFrameModel.h */,
				D43F119F1B54A9E1005B04C8 /* NianFrameModel.m */,
				D43F11A01B54A9E1005B04C8 /* NianModel.h */,
				D43F11A11B54A9E1005B04C8 /* NianModel.m */,
				D43F11A21B54A9E1005B04C8 /* NianTableViewCell.h */,
				D43F11A31B54A9E1005B04C8 /* NianTableViewCell.m */,
				D43F11A41B54A9E1005B04C8 /* NianTextField.h */,
				D43F11A51B54A9E1005B04C8 /* NianTextField.m */,
				D43F11A61B54A9E1005B04C8 /* NianTimeView.h */,
				D43F11A71B54A9E1005B04C8 /* NianTimeView.m */,
				D43F11A81B54A9E1005B04C8 /* NianViewController.h */,
				D43F11A91B54A9E1005B04C8 /* NianViewController.m */,
				D43F117A1B54A956005B04C8 /* AppDelegate.h */,
				D43F117B1B54A956005B04C8 /* AppDelegate.m */,
				D43F11831B54A956005B04C8 /* Images.xcassets */,
				D43F11851B54A956005B04C8 /* LaunchScreen.xib */,
				D43F11761B54A956005B04C8 /* Supporting Files */,
				D432C6AF1B5944D30035C2E3 /* NianDetailViewController.h */,
				D432C6B01B5944D30035C2E3 /* NianDetailViewController.m */,
				D432C6B21B5950870035C2E3 /* UIView+ZH.m */,
				D432C6B31B5950870035C2E3 /* UIView+ZH.h */,
			);
			path = Nian;
			sourceTree = "<group>";
		};
		D43F11761B54A956005B04C8 /* Supporting Files */ = {
			isa = PBXGroup;
			children = (
				D43F11771B54A956005B04C8 /* Info.plist */,
				D43F11781B54A956005B04C8 /* main.m */,
			);
			name = "Supporting Files";
			sourceTree = "<group>";
		};
		D43F118F1B54A956005B04C8 /* NianTests */ = {
			isa = PBXGroup;
			children = (
				D43F11921B54A956005B04C8 /* NianTests.m */,
				D43F11901B54A956005B04C8 /* Supporting Files */,
			);
			path = NianTests;
			sourceTree = "<group>";
		};
		D43F11901B54A956005B04C8 /* Supporting Files */ = {
			isa = PBXGroup;
			children = (
				D43F11911B54A956005B04C8 /* Info.plist */,
			);
			name = "Supporting Files";
			sourceTree = "<group>";
		};
		DC3E7B9F5D8CAFED8CD11C70 /* Frameworks */ = {
			isa = PBXGroup;
			children = (
				4C43ACBE880C6EFE15379883 /* libPods.a */,
			);
			name = Frameworks;
			sourceTree = "<group>";
		};
		F35C88EF4E30C115857781E3 /* Pods */ = {
			isa = PBXGroup;
			children = (
				B3C115BE486BB1FAB24BE9FC /* Pods.debug.xcconfig */,
				B1E3E090CCD76FD44F2F5747 /* Pods.release.xcconfig */,
			);
			name = Pods;
			sourceTree = "<group>";
		};
/* End PBXGroup section */

/* Begin PBXNativeTarget section */
		D43F11721B54A956005B04C8 /* Nian */ = {
			isa = PBXNativeTarget;
			buildConfigurationList = D43F11961B54A956005B04C8 /* Build configuration list for PBXNativeTarget "Nian" */;
			buildPhases = (
				01D967C0E9B6CC22760EA443 /* Check Pods Manifest.lock */,
				D43F116F1B54A956005B04C8 /* Sources */,
				D43F11701B54A956005B04C8 /* Frameworks */,
				D43F11711B54A956005B04C8 /* Resources */,
				1822E5AC60D49CF5FABD45B5 /* Copy Pods Resources */,
			);
			buildRules = (
			);
			dependencies = (
			);
			name = Nian;
			productName = Nian;
			productReference = D43F11731B54A956005B04C8 /* Nian.app */;
			productType = "com.apple.product-type.application";
		};
		D43F118B1B54A956005B04C8 /* NianTests */ = {
			isa = PBXNativeTarget;
			buildConfigurationList = D43F11991B54A956005B04C8 /* Build configuration list for PBXNativeTarget "NianTests" */;
			buildPhases = (
				D43F11881B54A956005B04C8 /* Sources */,
				D43F11891B54A956005B04C8 /* Frameworks */,
				D43F118A1B54A956005B04C8 /* Resources */,
			);
			buildRules = (
			);
			dependencies = (
				D43F118E1B54A956005B04C8 /* PBXTargetDependency */,
			);
			name = NianTests;
			productName = NianTests;
			productReference = D43F118C1B54A956005B04C8 /* NianTests.xctest */;
			productType = "com.apple.product-type.bundle.unit-test";
		};
/* End PBXNativeTarget section */

/* Begin PBXProject section */
		D43F116B1B54A956005B04C8 /* Project object */ = {
			isa = PBXProject;
			attributes = {
				LastUpgradeCheck = 0640;
				ORGANIZATIONNAME = "周宏";
				TargetAttributes = {
					D43F11721B54A956005B04C8 = {
						CreatedOnToolsVersion = 6.4;
						DevelopmentTeam = 8E49HJR789;
					};
					D43F118B1B54A956005B04C8 = {
						CreatedOnToolsVersion = 6.4;
						TestTargetID = D43F11721B54A956005B04C8;
					};
				};
			};
			buildConfigurationList = D43F116E1B54A956005B04C8 /* Build configuration list for PBXProject "Nian" */;
			compatibilityVersion = "Xcode 3.2";
			developmentRegion = English;
			hasScannedForEncodings = 0;
			knownRegions = (
				en,
				Base,
			);
			mainGroup = D43F116A1B54A956005B04C8;
			productRefGroup = D43F11741B54A956005B04C8 /* Products */;
			projectDirPath = "";
			projectRoot = "";
			targets = (
				D43F11721B54A956005B04C8 /* Nian */,
				D43F118B1B54A956005B04C8 /* NianTests */,
			);
		};
/* End PBXProject section */

/* Begin PBXResourcesBuildPhase section */
		D43F11711B54A956005B04C8 /* Resources */ = {
			isa = PBXResourcesBuildPhase;
			buildActionMask = 2147483647;
			files = (
				D43F11871B54A956005B04C8 /* LaunchScreen.xib in Resources */,
				D43F11841B54A956005B04C8 /* Images.xcassets in Resources */,
			);
			runOnlyForDeploymentPostprocessing = 0;
		};
		D43F118A1B54A956005B04C8 /* Resources */ = {
			isa = PBXResourcesBuildPhase;
			buildActionMask = 2147483647;
			files = (
			);
			runOnlyForDeploymentPostprocessing = 0;
		};
/* End PBXResourcesBuildPhase section */

/* Begin PBXShellScriptBuildPhase section */
		01D967C0E9B6CC22760EA443 /* Check Pods Manifest.lock */ = {
			isa = PBXShellScriptBuildPhase;
			buildActionMask = 2147483647;
			files = (
			);
			inputPaths = (
			);
			name = "Check Pods Manifest.lock";
			outputPaths = (
			);
			runOnlyForDeploymentPostprocessing = 0;
			shellPath = /bin/sh;
			shellScript = "diff \"${PODS_ROOT}/../Podfile.lock\" \"${PODS_ROOT}/Manifest.lock\" > /dev/null\nif [[ $? != 0 ]] ; then\n    cat << EOM\nerror: The sandbox is not in sync with the Podfile.lock. Run 'pod install' or update your CocoaPods installation.\nEOM\n    exit 1\nfi\n";
			showEnvVarsInLog = 0;
		};
		1822E5AC60D49CF5FABD45B5 /* Copy Pods Resources */ = {
			isa = PBXShellScriptBuildPhase;
			buildActionMask = 2147483647;
			files = (
			);
			inputPaths = (
			);
			name = "Copy Pods Resources";
			outputPaths = (
			);
			runOnlyForDeploymentPostprocessing = 0;
			shellPath = /bin/sh;
			shellScript = "\"${SRCROOT}/Pods/Target Support Files/Pods/Pods-resources.sh\"\n";
			showEnvVarsInLog = 0;
		};
/* End PBXShellScriptBuildPhase section */

/* Begin PBXSourcesBuildPhase section */
		D43F116F1B54A956005B04C8 /* Sources */ = {
			isa = PBXSourcesBuildPhase;
			buildActionMask = 2147483647;
			files = (
				D43F117C1B54A956005B04C8 /* AppDelegate.m in Sources */,
				D43F11AF1B54A9E1005B04C8 /* NianTimeView.m in Sources */,
				D43F11AD1B54A9E1005B04C8 /* NianTableViewCell.m in Sources */,
				D432C6B41B5950870035C2E3 /* UIView+ZH.m in Sources */,
				D432C6B11B5944D30035C2E3 /* NianDetailViewController.m in Sources */,
				D43F11AB1B54A9E1005B04C8 /* NianFrameModel.m in Sources */,
				D43F11B01B54A9E1005B04C8 /* NianViewController.m in Sources */,
				D43F11AE1B54A9E1005B04C8 /* NianTextField.m in Sources */,
				D43F11AA1B54A9E1005B04C8 /* NianDBTool.m in Sources */,
				D43F11791B54A956005B04C8 /* main.m in Sources */,
				D43F11AC1B54A9E1005B04C8 /* NianModel.m in Sources */,
			);
			runOnlyForDeploymentPostprocessing = 0;
		};
		D43F11881B54A956005B04C8 /* Sources */ = {
			isa = PBXSourcesBuildPhase;
			buildActionMask = 2147483647;
			files = (
				D43F11931B54A956005B04C8 /* NianTests.m in Sources */,
			);
			runOnlyForDeploymentPostprocessing = 0;
		};
/* End PBXSourcesBuildPhase section */

/* Begin PBXTargetDependency section */
		D43F118E1B54A956005B04C8 /* PBXTargetDependency */ = {
			isa = PBXTargetDependency;
			target = D43F11721B54A956005B04C8 /* Nian */;
			targetProxy = D43F118D1B54A956005B04C8 /* PBXContainerItemProxy */;
		};
/* End PBXTargetDependency section */

/* Begin PBXVariantGroup section */
		D43F11851B54A956005B04C8 /* LaunchScreen.xib */ = {
			isa = PBXVariantGroup;
			children = (
				D43F11861B54A956005B04C8 /* Base */,
			);
			name = LaunchScreen.xib;
			sourceTree = "<group>";
		};
/* End PBXVariantGroup section */

/* Begin XCBuildConfiguration section */
		D43F11941B54A956005B04C8 /* Debug */ = {
			isa = XCBuildConfiguration;
			buildSettings = {
				ALWAYS_SEARCH_USER_PATHS = NO;
				CLANG_CXX_LANGUAGE_STANDARD = "gnu++0x";
				CLANG_CXX_LIBRARY = "libc++";
				CLANG_ENABLE_MODULES = YES;
				CLANG_ENABLE_OBJC_ARC = YES;
				CLANG_WARN_BOOL_CONVERSION = YES;
				CLANG_WARN_CONSTANT_CONVERSION = YES;
				CLANG_WARN_DIRECT_OBJC_ISA_USAGE = YES_ERROR;
				CLANG_WARN_EMPTY_BODY = YES;
				CLANG_WARN_ENUM_CONVERSION = YES;
				CLANG_WARN_INT_CONVERSION = YES;
				CLANG_WARN_OBJC_ROOT_CLASS = YES_ERROR;
				CLANG_WARN_UNREACHABLE_CODE = YES;
				CLANG_WARN__DUPLICATE_METHOD_MATCH = YES;
				"CODE_SIGN_IDENTITY[sdk=iphoneos*]" = "iPhone Developer";
				COPY_PHASE_STRIP = NO;
				DEBUG_INFORMATION_FORMAT = "dwarf-with-dsym";
				ENABLE_STRICT_OBJC_MSGSEND = YES;
				GCC_C_LANGUAGE_STANDARD = gnu99;
				GCC_DYNAMIC_NO_PIC = NO;
				GCC_NO_COMMON_BLOCKS = YES;
				GCC_OPTIMIZATION_LEVEL = 0;
				GCC_PREPROCESSOR_DEFINITIONS = (
					"DEBUG=1",
					"$(inherited)",
				);
				GCC_SYMBOLS_PRIVATE_EXTERN = NO;
				GCC_WARN_64_TO_32_BIT_CONVERSION = YES;
				GCC_WARN_ABOUT_RETURN_TYPE = YES_ERROR;
				GCC_WARN_UNDECLARED_SELECTOR = YES;
				GCC_WARN_UNINITIALIZED_AUTOS = YES_AGGRESSIVE;
				GCC_WARN_UNUSED_FUNCTION = YES;
				GCC_WARN_UNUSED_VARIABLE = YES;
				IPHONEOS_DEPLOYMENT_TARGET = 7.0;
				MTL_ENABLE_DEBUG_INFO = YES;
				ONLY_ACTIVE_ARCH = YES;
				SDKROOT = iphoneos;
			};
			name = Debug;
		};
		D43F11951B54A956005B04C8 /* Release */ = {
			isa = XCBuildConfiguration;
			buildSettings = {
				ALWAYS_SEARCH_USER_PATHS = NO;
				CLANG_CXX_LANGUAGE_STANDARD = "gnu++0x";
				CLANG_CXX_LIBRARY = "libc++";
				CLANG_ENABLE_MODULES = YES;
				CLANG_ENABLE_OBJC_ARC = YES;
				CLANG_WARN_BOOL_CONVERSION = YES;
				CLANG_WARN_CONSTANT_CONVERSION = YES;
				CLANG_WARN_DIRECT_OBJC_ISA_USAGE = YES_ERROR;
				CLANG_WARN_EMPTY_BODY = YES;
				CLANG_WARN_ENUM_CONVERSION = YES;
				CLANG_WARN_INT_CONVERSION = YES;
				CLANG_WARN_OBJC_ROOT_CLASS = YES_ERROR;
				CLANG_WARN_UNREACHABLE_CODE = YES;
				CLANG_WARN__DUPLICATE_METHOD_MATCH = YES;
				"CODE_SIGN_IDENTITY[sdk=iphoneos*]" = "iPhone Developer";
				COPY_PHASE_STRIP = NO;
				DEBUG_INFORMATION_FORMAT = "dwarf-with-dsym";
				ENABLE_NS_ASSERTIONS = NO;
				ENABLE_STRICT_OBJC_MSGSEND = YES;
				GCC_C_LANGUAGE_STANDARD = gnu99;
				GCC_NO_COMMON_BLOCKS = YES;
				GCC_WARN_64_TO_32_BIT_CONVERSION = YES;
				GCC_WARN_ABOUT_RETURN_TYPE = YES_ERROR;
				GCC_WARN_UNDECLARED_SELECTOR = YES;
				GCC_WARN_UNINITIALIZED_AUTOS = YES_AGGRESSIVE;
				GCC_WARN_UNUSED_FUNCTION = YES;
				GCC_WARN_UNUSED_VARIABLE = YES;
				IPHONEOS_DEPLOYMENT_TARGET = 7.0;
				MTL_ENABLE_DEBUG_INFO = NO;
				SDKROOT = iphoneos;
				VALIDATE_PRODUCT = YES;
			};
			name = Release;
		};
		D43F11971B54A956005B04C8 /* Debug */ = {
			isa = XCBuildConfiguration;
			baseConfigurationReference = B3C115BE486BB1FAB24BE9FC /* Pods.debug.xcconfig */;
			buildSettings = {
				ASSETCATALOG_COMPILER_APPICON_NAME = AppIcon;
				CODE_SIGN_IDENTITY = "iPhone Developer";
				"CODE_SIGN_IDENTITY[sdk=iphoneos*]" = "iPhone Developer";
				INFOPLIST_FILE = Nian/Info.plist;
				LD_RUNPATH_SEARCH_PATHS = "$(inherited) @executable_path/Frameworks";
				PRODUCT_NAME = "$(TARGET_NAME)";
				PROVISIONING_PROFILE = "";
			};
			name = Debug;
		};
		D43F11981B54A956005B04C8 /* Release */ = {
			isa = XCBuildConfiguration;
			baseConfigurationReference = B1E3E090CCD76FD44F2F5747 /* Pods.release.xcconfig */;
			buildSettings = {
				ASSETCATALOG_COMPILER_APPICON_NAME = AppIcon;
				CODE_SIGN_IDENTITY = "iPhone Developer";
				"CODE_SIGN_IDENTITY[sdk=iphoneos*]" = "iPhone Developer";
				INFOPLIST_FILE = Nian/Info.plist;
				LD_RUNPATH_SEARCH_PATHS = "$(inherited) @executable_path/Frameworks";
				PRODUCT_NAME = "$(TARGET_NAME)";
				PROVISIONING_PROFILE = "";
			};
			name = Release;
		};
		D43F119A1B54A956005B04C8 /* Debug */ = {
			isa = XCBuildConfiguration;
			buildSettings = {
				BUNDLE_LOADER = "$(TEST_HOST)";
				FRAMEWORK_SEARCH_PATHS = (
					"$(SDKROOT)/Developer/Library/Frameworks",
					"$(inherited)",
				);
				GCC_PREPROCESSOR_DEFINITIONS = (
					"DEBUG=1",
					"$(inherited)",
				);
				INFOPLIST_FILE = NianTests/Info.plist;
				LD_RUNPATH_SEARCH_PATHS = "$(inherited) @executable_path/Frameworks @loader_path/Frameworks";
				PRODUCT_NAME = "$(TARGET_NAME)";
				TEST_HOST = "$(BUILT_PRODUCTS_DIR)/Nian.app/Nian";
			};
			name = Debug;
		};
		D43F119B1B54A956005B04C8 /* Release */ = {
			isa = XCBuildConfiguration;
			buildSettings = {
				BUNDLE_LOADER = "$(TEST_HOST)";
				FRAMEWORK_SEARCH_PATHS = (
					"$(SDKROOT)/Developer/Library/Frameworks",
					"$(inherited)",
				);
				INFOPLIST_FILE = NianTests/Info.plist;
				LD_RUNPATH_SEARCH_PATHS = "$(inherited) @executable_path/Frameworks @loader_path/Frameworks";
				PRODUCT_NAME = "$(TARGET_NAME)";
				TEST_HOST = "$(BUILT_PRODUCTS_DIR)/Nian.app/Nian";
			};
			name = Release;
		};
/* End XCBuildConfiguration section */

/* Begin XCConfigurationList section */
		D43F116E1B54A956005B04C8 /* Build configuration list for PBXProject "Nian" */ = {
			isa = XCConfigurationList;
			buildConfigurations = (
				D43F11941B54A956005B04C8 /* Debug */,
				D43F11951B54A956005B04C8 /* Release */,
			);
			defaultConfigurationIsVisible = 0;
			defaultConfigurationName = Release;
		};
		D43F11961B54A956005B04C8 /* Build configuration list for PBXNativeTarget "Nian" */ = {
			isa = XCConfigurationList;
			buildConfigurations = (
				D43F11971B54A956005B04C8 /* Debug */,
				D43F11981B54A956005B04C8 /* Release */,
			);
			defaultConfigurationIsVisible = 0;
			defaultConfigurationName = Release;
		};
		D43F11991B54A956005B04C8 /* Build configuration list for PBXNativeTarget "NianTests" */ = {
			isa = XCConfigurationList;
			buildConfigurations = (
				D43F119A1B54A956005B04C8 /* Debug */,
				D43F119B1B54A956005B04C8 /* Release */,
			);
			defaultConfigurationIsVisible = 0;
			defaultConfigurationName = Release;
		};
/* End XCConfigurationList section */
	};
	rootObject = D43F116B1B54A956005B04C8 /* Project object */;
}
